// !$*UTF8*$!
{
	archiveVersion = 1;
	classes = {
	};
	objectVersion = 50;
	objects = {

/* Begin PBXBuildFile section */
		50F95B7E235DDD5200CD188D /* AppDelegate.swift in Sources */ = {isa = PBXBuildFile; fileRef = 50F95B7D235DDD5200CD188D /* AppDelegate.swift */; };
		50F95B80235DDD5200CD188D /* SceneDelegate.swift in Sources */ = {isa = PBXBuildFile; fileRef = 50F95B7F235DDD5200CD188D /* SceneDelegate.swift */; };
		50F95B82235DDD5200CD188D /* ViewController.swift in Sources */ = {isa = PBXBuildFile; fileRef = 50F95B81235DDD5200CD188D /* ViewController.swift */; };
		50F95B85235DDD5200CD188D /* Main.storyboard in Resources */ = {isa = PBXBuildFile; fileRef = 50F95B83235DDD5200CD188D /* Main.storyboard */; };
		50F95B87235DDD5300CD188D /* Assets.xcassets in Resources */ = {isa = PBXBuildFile; fileRef = 50F95B86235DDD5300CD188D /* Assets.xcassets */; };
		50F95B8A235DDD5300CD188D /* LaunchScreen.storyboard in Resources */ = {isa = PBXBuildFile; fileRef = 50F95B88235DDD5300CD188D /* LaunchScreen.storyboard */; };
		50F95B97235DDD6400CD188D /* RKAllocationAssetInfoView.swift in Sources */ = {isa = PBXBuildFile; fileRef = 50F95B92235DDD6400CD188D /* RKAllocationAssetInfoView.swift */; };
		50F95B98235DDD6400CD188D /* RKAllocationBar+Style.swift in Sources */ = {isa = PBXBuildFile; fileRef = 50F95B93235DDD6400CD188D /* RKAllocationBar+Style.swift */; };
		50F95B99235DDD6400CD188D /* RKAllocationBar.swift in Sources */ = {isa = PBXBuildFile; fileRef = 50F95B94235DDD6400CD188D /* RKAllocationBar.swift */; };
		50F95B9A235DDD6400CD188D /* RKAllocationAssetModel.swift in Sources */ = {isa = PBXBuildFile; fileRef = 50F95B95235DDD6400CD188D /* RKAllocationAssetModel.swift */; };
		50F95B9B235DDD6400CD188D /* RKAllocatiomBarConstants.swift in Sources */ = {isa = PBXBuildFile; fileRef = 50F95B96235DDD6400CD188D /* RKAllocatiomBarConstants.swift */; };
		50F95B9D235DDD9200CD188D /* Color.swift in Sources */ = {isa = PBXBuildFile; fileRef = 50F95B9C235DDD9200CD188D /* Color.swift */; };
		50F95BA0235DDF3F00CD188D /* Screen Shot.png in Resources */ = {isa = PBXBuildFile; fileRef = 50F95B9F235DDF3F00CD188D /* Screen Shot.png */; };
/* End PBXBuildFile section */

/* Begin PBXFileReference section */
		50F95B7A235DDD5200CD188D /* SampleApp.app */ = {isa = PBXFileReference; explicitFileType = wrapper.application; includeInIndex = 0; path = SampleApp.app; sourceTree = BUILT_PRODUCTS_DIR; };
		50F95B7D235DDD5200CD188D /* AppDelegate.swift */ = {isa = PBXFileReference; lastKnownFileType = sourcecode.swift; path = AppDelegate.swift; sourceTree = "<group>"; };
		50F95B7F235DDD5200CD188D /* SceneDelegate.swift */ = {isa = PBXFileReference; lastKnownFileType = sourcecode.swift; path = SceneDelegate.swift; sourceTree = "<group>"; };
		50F95B81235DDD5200CD188D /* ViewController.swift */ = {isa = PBXFileReference; lastKnownFileType = sourcecode.swift; path = ViewController.swift; sourceTree = "<group>"; };
		50F95B84235DDD5200CD188D /* Base */ = {isa = PBXFileReference; lastKnownFileType = file.storyboard; name = Base; path = Base.lproj/Main.storyboard; sourceTree = "<group>"; };
		50F95B86235DDD5300CD188D /* Assets.xcassets */ = {isa = PBXFileReference; lastKnownFileType = folder.assetcatalog; path = Assets.xcassets; sourceTree = "<group>"; };
		50F95B89235DDD5300CD188D /* Base */ = {isa = PBXFileReference; lastKnownFileType = file.storyboard; name = Base; path = Base.lproj/LaunchScreen.storyboard; sourceTree = "<group>"; };
		50F95B8B235DDD5300CD188D /* Info.plist */ = {isa = PBXFileReference; lastKnownFileType = text.plist.xml; path = Info.plist; sourceTree = "<group>"; };
		50F95B92235DDD6400CD188D /* RKAllocationAssetInfoView.swift */ = {isa = PBXFileReference; fileEncoding = 4; lastKnownFileType = sourcecode.swift; path = RKAllocationAssetInfoView.swift; sourceTree = "<group>"; };
		50F95B93235DDD6400CD188D /* RKAllocationBar+Style.swift */ = {isa = PBXFileReference; fileEncoding = 4; lastKnownFileType = sourcecode.swift; path = "RKAllocationBar+Style.swift"; sourceTree = "<group>"; };
		50F95B94235DDD6400CD188D /* RKAllocationBar.swift */ = {isa = PBXFileReference; fileEncoding = 4; lastKnownFileType = sourcecode.swift; path = RKAllocationBar.swift; sourceTree = "<group>"; };
		50F95B95235DDD6400CD188D /* RKAllocationAssetModel.swift */ = {isa = PBXFileReference; fileEncoding = 4; lastKnownFileType = sourcecode.swift; path = RKAllocationAssetModel.swift; sourceTree = "<group>"; };
		50F95B96235DDD6400CD188D /* RKAllocatiomBarConstants.swift */ = {isa = PBXFileReference; fileEncoding = 4; lastKnownFileType = sourcecode.swift; path = RKAllocatiomBarConstants.swift; sourceTree = "<group>"; };
		50F95B9C235DDD9200CD188D /* Color.swift */ = {isa = PBXFileReference; fileEncoding = 4; lastKnownFileType = sourcecode.swift; path = Color.swift; sourceTree = "<group>"; };
		50F95B9F235DDF3F00CD188D /* Screen Shot.png */ = {isa = PBXFileReference; lastKnownFileType = image.png; name = "Screen Shot.png"; path = "../../../Screen Shot.png"; sourceTree = "<group>"; };
/* End PBXFileReference section */

/* Begin PBXFrameworksBuildPhase section */
		50F95B77235DDD5200CD188D /* Frameworks */ = {
			isa = PBXFrameworksBuildPhase;
			buildActionMask = 2147483647;
			files = (
			);
			runOnlyForDeploymentPostprocessing = 0;
		};
/* End PBXFrameworksBuildPhase section */

/* Begin PBXGroup section */
		50F95B71235DDD5200CD188D = {
			isa = PBXGroup;
			children = (
				50F95B7C235DDD5200CD188D /* SampleApp */,
				50F95B7B235DDD5200CD188D /* Products */,
			);
			sourceTree = "<group>";
		};
		50F95B7B235DDD5200CD188D /* Products */ = {
			isa = PBXGroup;
			children = (
				50F95B7A235DDD5200CD188D /* SampleApp.app */,
			);
			name = Products;
			sourceTree = "<group>";
		};
		50F95B7C235DDD5200CD188D /* SampleApp */ = {
			isa = PBXGroup;
			children = (
				50F95B91235DDD6400CD188D /* RKAllocationBar */,
				50F95B7D235DDD5200CD188D /* AppDelegate.swift */,
				50F95B7F235DDD5200CD188D /* SceneDelegate.swift */,
				50F95B81235DDD5200CD188D /* ViewController.swift */,
				50F95B9C235DDD9200CD188D /* Color.swift */,
				50F95B83235DDD5200CD188D /* Main.storyboard */,
				50F95B86235DDD5300CD188D /* Assets.xcassets */,
				50F95B88235DDD5300CD188D /* LaunchScreen.storyboard */,
				50F95B8B235DDD5300CD188D /* Info.plist */,
				50F95B9E235DDF2000CD188D /* ScreenShots */,
			);
			path = SampleApp;
			sourceTree = "<group>";
		};
		50F95B91235DDD6400CD188D /* RKAllocationBar */ = {
			isa = PBXGroup;
			children = (
				50F95B92235DDD6400CD188D /* RKAllocationAssetInfoView.swift */,
				50F95B93235DDD6400CD188D /* RKAllocationBar+Style.swift */,
				50F95B94235DDD6400CD188D /* RKAllocationBar.swift */,
				50F95B95235DDD6400CD188D /* RKAllocationAssetModel.swift */,
				50F95B96235DDD6400CD188D /* RKAllocatiomBarConstants.swift */,
			);
			name = RKAllocationBar;
			path = ../../RKAllocationBar;
			sourceTree = "<group>";
		};
		50F95B9E235DDF2000CD188D /* ScreenShots */ = {
			isa = PBXGroup;
			children = (
				50F95B9F235DDF3F00CD188D /* Screen Shot.png */,
			);
			path = ScreenShots;
			sourceTree = "<group>";
		};
/* End PBXGroup section */

/* Begin PBXNativeTarget section */
		50F95B79235DDD5200CD188D /* SampleApp */ = {
			isa = PBXNativeTarget;
			buildConfigurationList = 50F95B8E235DDD5300CD188D /* Build configuration list for PBXNativeTarget "SampleApp" */;
			buildPhases = (
				50F95B76235DDD5200CD188D /* Sources */,
				50F95B77235DDD5200CD188D /* Frameworks */,
				50F95B78235DDD5200CD188D /* Resources */,
			);
			buildRules = (
			);
			dependencies = (
			);
			name = SampleApp;
			productName = SampleApp;
			productReference = 50F95B7A235DDD5200CD188D /* SampleApp.app */;
			productType = "com.apple.product-type.application";
		};
/* End PBXNativeTarget section */

/* Begin PBXProject section */
		50F95B72235DDD5200CD188D /* Project object */ = {
			isa = PBXProject;
			attributes = {
				LastSwiftUpdateCheck = 1100;
				LastUpgradeCheck = 1100;
				ORGANIZATIONNAME = "Rajanikant shukla";
				TargetAttributes = {
					50F95B79235DDD5200CD188D = {
						CreatedOnToolsVersion = 11.0;
					};
				};
			};
			buildConfigurationList = 50F95B75235DDD5200CD188D /* Build configuration list for PBXProject "SampleApp" */;
			compatibilityVersion = "Xcode 9.3";
			developmentRegion = en;
			hasScannedForEncodings = 0;
			knownRegions = (
				en,
				Base,
			);
			mainGroup = 50F95B71235DDD5200CD188D;
			productRefGroup = 50F95B7B235DDD5200CD188D /* Products */;
			projectDirPath = "";
			projectRoot = "";
			targets = (
				50F95B79235DDD5200CD188D /* SampleApp */,
			);
		};
/* End PBXProject section */

/* Begin PBXResourcesBuildPhase section */
		50F95B78235DDD5200CD188D /* Resources */ = {
			isa = PBXResourcesBuildPhase;
			buildActionMask = 2147483647;
			files = (
				50F95BA0235DDF3F00CD188D /* Screen Shot.png in Resources */,
				50F95B8A235DDD5300CD188D /* LaunchScreen.storyboard in Resources */,
				50F95B87235DDD5300CD188D /* Assets.xcassets in Resources */,
				50F95B85235DDD5200CD188D /* Main.storyboard in Resources */,
			);
			runOnlyForDeploymentPostprocessing = 0;
		};
/* End PBXResourcesBuildPhase section */

/* Begin PBXSourcesBuildPhase section */
		50F95B76235DDD5200CD188D /* Sources */ = {
			isa = PBXSourcesBuildPhase;
			buildActionMask = 2147483647;
			files = (
				50F95B97235DDD6400CD188D /* RKAllocationAssetInfoView.swift in Sources */,
				50F95B82235DDD5200CD188D /* ViewController.swift in Sources */,
				50F95B9A235DDD6400CD188D /* RKAllocationAssetModel.swift in Sources */,
				50F95B99235DDD6400CD188D /* RKAllocationBar.swift in Sources */,
				50F95B7E235DDD5200CD188D /* AppDelegate.swift in Sources */,
				50F95B9B235DDD6400CD188D /* RKAllocatiomBarConstants.swift in Sources */,
				50F95B98235DDD6400CD188D /* RKAllocationBar+Style.swift in Sources */,
				50F95B80235DDD5200CD188D /* SceneDelegate.swift in Sources */,
				50F95B9D235DDD9200CD188D /* Color.swift in Sources */,
			);
			runOnlyForDeploymentPostprocessing = 0;
		};
/* End PBXSourcesBuildPhase section */

/* Begin PBXVariantGroup section */
		50F95B83235DDD5200CD188D /* Main.storyboard */ = {
			isa = PBXVariantGroup;
			children = (
				50F95B84235DDD5200CD188D /* Base */,
			);
			name = Main.storyboard;
			sourceTree = "<group>";
		};
		50F95B88235DDD5300CD188D /* LaunchScreen.storyboard */ = {
			isa = PBXVariantGroup;
			children = (
				50F95B89235DDD5300CD188D /* Base */,
			);
			name = LaunchScreen.storyboard;
			sourceTree = "<group>";
		};
/* End PBXVariantGroup section */

/* Begin XCBuildConfiguration section */
		50F95B8C235DDD5300CD188D /* Debug */ = {
			isa = XCBuildConfiguration;
			buildSettings = {
				ALWAYS_SEARCH_USER_PATHS = NO;
				CLANG_ANALYZER_NONNULL = YES;
				CLANG_ANALYZER_NUMBER_OBJECT_CONVERSION = YES_AGGRESSIVE;
				CLANG_CXX_LANGUAGE_STANDARD = "gnu++14";
				CLANG_CXX_LIBRARY = "libc++";
				CLANG_ENABLE_MODULES = YES;
				CLANG_ENABLE_OBJC_ARC = YES;
				CLANG_ENABLE_OBJC_WEAK = YES;
				CLANG_WARN_BLOCK_CAPTURE_AUTORELEASING = YES;
				CLANG_WARN_BOOL_CONVERSION = YES;
				CLANG_WARN_COMMA = YES;
				CLANG_WARN_CONSTANT_CONVERSION = YES;
				CLANG_WARN_DEPRECATED_OBJC_IMPLEMENTATIONS = YES;
				CLANG_WARN_DIRECT_OBJC_ISA_USAGE = YES_ERROR;
				CLANG_WARN_DOCUMENTATION_COMMENTS = YES;
				CLANG_WARN_EMPTY_BODY = YES;
				CLANG_WARN_ENUM_CONVERSION = YES;
				CLANG_WARN_INFINITE_RECURSION = YES;
				CLANG_WARN_INT_CONVERSION = YES;
				CLANG_WARN_NON_LITERAL_NULL_CONVERSION = YES;
				CLANG_WARN_OBJC_IMPLICIT_RETAIN_SELF = YES;
				CLANG_WARN_OBJC_LITERAL_CONVERSION = YES;
				CLANG_WARN_OBJC_ROOT_CLASS = YES_ERROR;
				CLANG_WARN_RANGE_LOOP_ANALYSIS = YES;
				CLANG_WARN_STRICT_PROTOTYPES = YES;
				CLANG_WARN_SUSPICIOUS_MOVE = YES;
				CLANG_WARN_UNGUARDED_AVAILABILITY = YES_AGGRESSIVE;
				CLANG_WARN_UNREACHABLE_CODE = YES;
				CLANG_WARN__DUPLICATE_METHOD_MATCH = YES;
				COPY_PHASE_STRIP = NO;
				DEBUG_INFORMATION_FORMAT = dwarf;
				ENABLE_STRICT_OBJC_MSGSEND = YES;
				ENABLE_TESTABILITY = YES;
				GCC_C_LANGUAGE_STANDARD = gnu11;
				GCC_DYNAMIC_NO_PIC = NO;
				GCC_NO_COMMON_BLOCKS = YES;
				GCC_OPTIMIZATION_LEVEL = 0;
				GCC_PREPROCESSOR_DEFINITIONS = (
					"DEBUG=1",
					"$(inherited)",
				);
				GCC_WARN_64_TO_32_BIT_CONVERSION = YES;
				GCC_WARN_ABOUT_RETURN_TYPE = YES_ERROR;
				GCC_WARN_UNDECLARED_SELECTOR = YES;
				GCC_WARN_UNINITIALIZED_AUTOS = YES_AGGRESSIVE;
				GCC_WARN_UNUSED_FUNCTION = YES;
				GCC_WARN_UNUSED_VARIABLE = YES;
				IPHONEOS_DEPLOYMENT_TARGET = 13.0;
				MTL_ENABLE_DEBUG_INFO = INCLUDE_SOURCE;
				MTL_FAST_MATH = YES;
				ONLY_ACTIVE_ARCH = YES;
				SDKROOT = iphoneos;
				SWIFT_ACTIVE_COMPILATION_CONDITIONS = DEBUG;
				SWIFT_OPTIMIZATION_LEVEL = "-Onone";
			};
			name = Debug;
		};
		50F95B8D235DDD5300CD188D /* Release */ = {
			isa = XCBuildConfiguration;
			buildSettings = {
				ALWAYS_SEARCH_USER_PATHS = NO;
				CLANG_ANALYZER_NONNULL = YES;
				CLANG_ANALYZER_NUMBER_OBJECT_CONVERSION = YES_AGGRESSIVE;
				CLANG_CXX_LANGUAGE_STANDARD = "gnu++14";
				CLANG_CXX_LIBRARY = "libc++";
				CLANG_ENABLE_MODULES = YES;
				CLANG_ENABLE_OBJC_ARC = YES;
				CLANG_ENABLE_OBJC_WEAK = YES;
				CLANG_WARN_BLOCK_CAPTURE_AUTORELEASING = YES;
				CLANG_WARN_BOOL_CONVERSION = YES;
				CLANG_WARN_COMMA = YES;
				CLANG_WARN_CONSTANT_CONVERSION = YES;
				CLANG_WARN_DEPRECATED_OBJC_IMPLEMENTATIONS = YES;
				CLANG_WARN_DIRECT_OBJC_ISA_USAGE = YES_ERROR;
				CLANG_WARN_DOCUMENTATION_COMMENTS = YES;
				CLANG_WARN_EMPTY_BODY = YES;
				CLANG_WARN_ENUM_CONVERSION = YES;
				CLANG_WARN_INFINITE_RECURSION = YES;
				CLANG_WARN_INT_CONVERSION = YES;
				CLANG_WARN_NON_LITERAL_NULL_CONVERSION = YES;
				CLANG_WARN_OBJC_IMPLICIT_RETAIN_SELF = YES;
				CLANG_WARN_OBJC_LITERAL_CONVERSION = YES;
				CLANG_WARN_OBJC_ROOT_CLASS = YES_ERROR;
				CLANG_WARN_RANGE_LOOP_ANALYSIS = YES;
				CLANG_WARN_STRICT_PROTOTYPES = YES;
				CLANG_WARN_SUSPICIOUS_MOVE = YES;
				CLANG_WARN_UNGUARDED_AVAILABILITY = YES_AGGRESSIVE;
				CLANG_WARN_UNREACHABLE_CODE = YES;
				CLANG_WARN__DUPLICATE_METHOD_MATCH = YES;
				COPY_PHASE_STRIP = NO;
				DEBUG_INFORMATION_FORMAT = "dwarf-with-dsym";
				ENABLE_NS_ASSERTIONS = NO;
				ENABLE_STRICT_OBJC_MSGSEND = YES;
				GCC_C_LANGUAGE_STANDARD = gnu11;
				GCC_NO_COMMON_BLOCKS = YES;
				GCC_WARN_64_TO_32_BIT_CONVERSION = YES;
				GCC_WARN_ABOUT_RETURN_TYPE = YES_ERROR;
				GCC_WARN_UNDECLARED_SELECTOR = YES;
				GCC_WARN_UNINITIALIZED_AUTOS = YES_AGGRESSIVE;
				GCC_WARN_UNUSED_FUNCTION = YES;
				GCC_WARN_UNUSED_VARIABLE = YES;
				IPHONEOS_DEPLOYMENT_TARGET = 13.0;
				MTL_ENABLE_DEBUG_INFO = NO;
				MTL_FAST_MATH = YES;
				SDKROOT = iphoneos;
				SWIFT_COMPILATION_MODE = wholemodule;
				SWIFT_OPTIMIZATION_LEVEL = "-O";
				VALIDATE_PRODUCT = YES;
			};
			name = Release;
		};
		50F95B8F235DDD5300CD188D /* Debug */ = {
			isa = XCBuildConfiguration;
			buildSettings = {
				ASSETCATALOG_COMPILER_APPICON_NAME = AppIcon;
				CODE_SIGN_STYLE = Automatic;
				INFOPLIST_FILE = SampleApp/Info.plist;
				LD_RUNPATH_SEARCH_PATHS = (
					"$(inherited)",
					"@executable_path/Frameworks",
				);
				PRODUCT_BUNDLE_IDENTIFIER = com.rajanikants.SampleApp;
				PRODUCT_NAME = "$(TARGET_NAME)";
				SWIFT_VERSION = 5.0;
				TARGETED_DEVICE_FAMILY = "1,2";
			};
			name = Debug;
		};
		50F95B90235DDD5300CD188D /* Release */ = {
			isa = XCBuildConfiguration;
			buildSettings = {
				ASSETCATALOG_COMPILER_APPICON_NAME = AppIcon;
				CODE_SIGN_STYLE = Automatic;
				INFOPLIST_FILE = SampleApp/Info.plist;
				LD_RUNPATH_SEARCH_PATHS = (
					"$(inherited)",
					"@executable_path/Frameworks",
				);
				PRODUCT_BUNDLE_IDENTIFIER = com.rajanikants.SampleApp;
				PRODUCT_NAME = "$(TARGET_NAME)";
				SWIFT_VERSION = 5.0;
				TARGETED_DEVICE_FAMILY = "1,2";
			};
			name = Release;
		};
/* End XCBuildConfiguration section */

/* Begin XCConfigurationList section */
		50F95B75235DDD5200CD188D /* Build configuration list for PBXProject "SampleApp" */ = {
			isa = XCConfigurationList;
			buildConfigurations = (
				50F95B8C235DDD5300CD188D /* Debug */,
				50F95B8D235DDD5300CD188D /* Release */,
			);
			defaultConfigurationIsVisible = 0;
			defaultConfigurationName = Release;
		};
		50F95B8E235DDD5300CD188D /* Build configuration list for PBXNativeTarget "SampleApp" */ = {
			isa = XCConfigurationList;
			buildConfigurations = (
				50F95B8F235DDD5300CD188D /* Debug */,
				50F95B90235DDD5300CD188D /* Release */,
			);
			defaultConfigurationIsVisible = 0;
			defaultConfigurationName = Release;
		};
/* End XCConfigurationList section */
	};
	rootObject = 50F95B72235DDD5200CD188D /* Project object */;
}
